Microsoft Visual Studio Solution File, Format Version 11.00
# Visual Studio 2008

Project("{A67778B3-DCC8-2BFA-ACE0-F8BC0061F20E}") = "Cheese", "Assembly-CSharp.csproj", "{406F6E22-792E-B016-0397-DD121C4F9E64}"
EndProject
Global
	GlobalSection(SolutionConfigurationPlatforms) = preSolution
		Debug|Any CPU = Debug|Any CPU
		Release|Any CPU = Release|Any CPU
	EndGlobalSection
	GlobalSection(ProjectConfigurationPlatforms) = postSolution
		{406F6E22-792E-B016-0397-DD121C4F9E64}.Debug|Any CPU.ActiveCfg = Debug|Any CPU
		{406F6E22-792E-B016-0397-DD121C4F9E64}.Debug|Any CPU.Build.0 = Debug|Any CPU
		{406F6E22-792E-B016-0397-DD121C4F9E64}.Release|Any CPU.ActiveCfg = Release|Any CPU
		{406F6E22-792E-B016-0397-DD121C4F9E64}.Release|Any CPU.Build.0 = Release|Any CPU
	EndGlobalSection
	GlobalSection(SolutionProperties) = preSolution
		HideSolutionNode = FALSE
	EndGlobalSection
	GlobalSection(MonoDevelopProperties) = preSolution
		StartupItem = Assembly-CSharp.csproj
	EndGlobalSection
EndGlobal
